
Microsoft Visual Studio Solution File, Format Version 12.00
# Visual Studio Version 17
VisualStudioVersion = 17.8.34330.188
MinimumVisualStudioVersion = 10.0.40219.1
Project("{FAE04EC0-301F-11D3-BF4B-00C04F79EFBC}") = "32.1", "32.1\32.1.csproj", "{C772F244-DCE0-4479-90A8-B0EC3DFB7A0C}"
EndProject
Global
	GlobalSection(SolutionConfigurationPlatforms) = preSolution
		Debug|Any CPU = Debug|Any CPU
		Release|Any CPU = Release|Any CPU
	EndGlobalSection
	GlobalSection(ProjectConfigurationPlatforms) = postSolution
		{C772F244-DCE0-4479-90A8-B0EC3DFB7A0C}.Debug|Any CPU.ActiveCfg = Debug|Any CPU
		{C772F244-DCE0-4479-90A8-B0EC3DFB7A0C}.Debug|Any CPU.Build.0 = Debug|Any CPU
		{C772F244-DCE0-4479-90A8-B0EC3DFB7A0C}.Release|Any CPU.ActiveCfg = Release|Any CPU
		{C772F244-DCE0-4479-90A8-B0EC3DFB7A0C}.Release|Any CPU.Build.0 = Release|Any CPU
	EndGlobalSection
	GlobalSection(SolutionProperties) = preSolution
		HideSolutionNode = FALSE
	EndGlobalSection
	GlobalSection(ExtensibilityGlobals) = postSolution
		SolutionGuid = {4A53B986-AABC-470A-92D2-0D3395F54EC9}
	EndGlobalSection
EndGlobal
